
Microsoft Visual Studio Solution File, Format Version 12.00
# Visual Studio Version 16
VisualStudioVersion = 16.0.31321.278
MinimumVisualStudioVersion = 10.0.40219.1
Project("{FAE04EC0-301F-11D3-BF4B-00C04F79EFBC}") = "MvcNetCoreEF2022", "MvcNetCoreEF2022\MvcNetCoreEF2022.csproj", "{39176EB1-E975-4775-B9AA-5D0C677A0CAF}"
EndProject
Global
	GlobalSection(SolutionConfigurationPlatforms) = preSolution
		Debug|Any CPU = Debug|Any CPU
		Release|Any CPU = Release|Any CPU
	EndGlobalSection
	GlobalSection(ProjectConfigurationPlatforms) = postSolution
		{39176EB1-E975-4775-B9AA-5D0C677A0CAF}.Debug|Any CPU.ActiveCfg = Debug|Any CPU
		{39176EB1-E975-4775-B9AA-5D0C677A0CAF}.Debug|Any CPU.Build.0 = Debug|Any CPU
		{39176EB1-E975-4775-B9AA-5D0C677A0CAF}.Release|Any CPU.ActiveCfg = Release|Any CPU
		{39176EB1-E975-4775-B9AA-5D0C677A0CAF}.Release|Any CPU.Build.0 = Release|Any CPU
	EndGlobalSection
	GlobalSection(SolutionProperties) = preSolution
		HideSolutionNode = FALSE
	EndGlobalSection
	GlobalSection(ExtensibilityGlobals) = postSolution
		SolutionGuid = {62D2A26C-3E7A-4D88-AD31-524B770AB402}
	EndGlobalSection
EndGlobal
