
Microsoft Visual Studio Solution File, Format Version 12.00
# Visual Studio Version 16
VisualStudioVersion = 16.0.31321.278
MinimumVisualStudioVersion = 10.0.40219.1
Project("{FAE04EC0-301F-11D3-BF4B-00C04F79EFBC}") = "MvcCoreEliminarEnfermoValidacion", "MvcCoreEliminarEnfermoValidacion\MvcCoreEliminarEnfermoValidacion.csproj", "{C1402105-4320-41C6-AA55-130439412203}"
EndProject
Global
	GlobalSection(SolutionConfigurationPlatforms) = preSolution
		Debug|Any CPU = Debug|Any CPU
		Release|Any CPU = Release|Any CPU
	EndGlobalSection
	GlobalSection(ProjectConfigurationPlatforms) = postSolution
		{C1402105-4320-41C6-AA55-130439412203}.Debug|Any CPU.ActiveCfg = Debug|Any CPU
		{C1402105-4320-41C6-AA55-130439412203}.Debug|Any CPU.Build.0 = Debug|Any CPU
		{C1402105-4320-41C6-AA55-130439412203}.Release|Any CPU.ActiveCfg = Release|Any CPU
		{C1402105-4320-41C6-AA55-130439412203}.Release|Any CPU.Build.0 = Release|Any CPU
	EndGlobalSection
	GlobalSection(SolutionProperties) = preSolution
		HideSolutionNode = FALSE
	EndGlobalSection
	GlobalSection(ExtensibilityGlobals) = postSolution
		SolutionGuid = {A3417927-5457-4F60-971E-E919B2E9B666}
	EndGlobalSection
EndGlobal
