
Microsoft Visual Studio Solution File, Format Version 12.00
# Visual Studio Version 16
VisualStudioVersion = 16.0.31321.278
MinimumVisualStudioVersion = 10.0.40219.1
Project("{9A19103F-16F7-4668-BE54-9A1E7A4F7556}") = "ProyectoCSRF", "ProyectoCSRF\ProyectoCSRF.csproj", "{6F6444D6-6B9F-47E7-A163-D68556764AC8}"
EndProject
Project("{FAE04EC0-301F-11D3-BF4B-00C04F79EFBC}") = "WebHacker", "WebHacker\WebHacker.csproj", "{BD3FB70C-FE15-437A-A4C3-9A87DF8657D8}"
EndProject
Global
	GlobalSection(SolutionConfigurationPlatforms) = preSolution
		Debug|Any CPU = Debug|Any CPU
		Release|Any CPU = Release|Any CPU
	EndGlobalSection
	GlobalSection(ProjectConfigurationPlatforms) = postSolution
		{6F6444D6-6B9F-47E7-A163-D68556764AC8}.Debug|Any CPU.ActiveCfg = Debug|Any CPU
		{6F6444D6-6B9F-47E7-A163-D68556764AC8}.Debug|Any CPU.Build.0 = Debug|Any CPU
		{6F6444D6-6B9F-47E7-A163-D68556764AC8}.Release|Any CPU.ActiveCfg = Release|Any CPU
		{6F6444D6-6B9F-47E7-A163-D68556764AC8}.Release|Any CPU.Build.0 = Release|Any CPU
		{BD3FB70C-FE15-437A-A4C3-9A87DF8657D8}.Debug|Any CPU.ActiveCfg = Debug|Any CPU
		{BD3FB70C-FE15-437A-A4C3-9A87DF8657D8}.Debug|Any CPU.Build.0 = Debug|Any CPU
		{BD3FB70C-FE15-437A-A4C3-9A87DF8657D8}.Release|Any CPU.ActiveCfg = Release|Any CPU
		{BD3FB70C-FE15-437A-A4C3-9A87DF8657D8}.Release|Any CPU.Build.0 = Release|Any CPU
	EndGlobalSection
	GlobalSection(SolutionProperties) = preSolution
		HideSolutionNode = FALSE
	EndGlobalSection
	GlobalSection(ExtensibilityGlobals) = postSolution
		SolutionGuid = {D33882A4-EDC2-46A4-A804-81D50A162757}
	EndGlobalSection
EndGlobal
