
Microsoft Visual Studio Solution File, Format Version 12.00
# Visual Studio Version 16
VisualStudioVersion = 16.0.31321.278
MinimumVisualStudioVersion = 10.0.40219.1
Project("{FAE04EC0-301F-11D3-BF4B-00C04F79EFBC}") = "MvcCoreCifradoBDD", "MvcCoreCifradoBDD\MvcCoreCifradoBDD.csproj", "{B30718D4-1937-4ABF-AEE5-8CDED805A2C3}"
EndProject
Global
	GlobalSection(SolutionConfigurationPlatforms) = preSolution
		Debug|Any CPU = Debug|Any CPU
		Release|Any CPU = Release|Any CPU
	EndGlobalSection
	GlobalSection(ProjectConfigurationPlatforms) = postSolution
		{B30718D4-1937-4ABF-AEE5-8CDED805A2C3}.Debug|Any CPU.ActiveCfg = Debug|Any CPU
		{B30718D4-1937-4ABF-AEE5-8CDED805A2C3}.Debug|Any CPU.Build.0 = Debug|Any CPU
		{B30718D4-1937-4ABF-AEE5-8CDED805A2C3}.Release|Any CPU.ActiveCfg = Release|Any CPU
		{B30718D4-1937-4ABF-AEE5-8CDED805A2C3}.Release|Any CPU.Build.0 = Release|Any CPU
	EndGlobalSection
	GlobalSection(SolutionProperties) = preSolution
		HideSolutionNode = FALSE
	EndGlobalSection
	GlobalSection(ExtensibilityGlobals) = postSolution
		SolutionGuid = {5BC7CBAA-9FFB-4F64-A572-1F616EA4707C}
	EndGlobalSection
EndGlobal
