
Microsoft Visual Studio Solution File, Format Version 12.00
# Visual Studio Version 16
VisualStudioVersion = 16.0.32002.261
MinimumVisualStudioVersion = 10.0.40219.1
Project("{FAE04EC0-301F-11D3-BF4B-00C04F79EFBC}") = "MvcCorePaginacionRegistros", "MvcCorePaginacionRegistros\MvcCorePaginacionRegistros.csproj", "{091507C7-40FB-4DF9-9B46-7205DEFF809F}"
EndProject
Global
	GlobalSection(SolutionConfigurationPlatforms) = preSolution
		Debug|Any CPU = Debug|Any CPU
		Release|Any CPU = Release|Any CPU
	EndGlobalSection
	GlobalSection(ProjectConfigurationPlatforms) = postSolution
		{091507C7-40FB-4DF9-9B46-7205DEFF809F}.Debug|Any CPU.ActiveCfg = Debug|Any CPU
		{091507C7-40FB-4DF9-9B46-7205DEFF809F}.Debug|Any CPU.Build.0 = Debug|Any CPU
		{091507C7-40FB-4DF9-9B46-7205DEFF809F}.Release|Any CPU.ActiveCfg = Release|Any CPU
		{091507C7-40FB-4DF9-9B46-7205DEFF809F}.Release|Any CPU.Build.0 = Release|Any CPU
	EndGlobalSection
	GlobalSection(SolutionProperties) = preSolution
		HideSolutionNode = FALSE
	EndGlobalSection
	GlobalSection(ExtensibilityGlobals) = postSolution
		SolutionGuid = {749725FB-FE51-44EA-83B0-3667DC697D64}
	EndGlobalSection
EndGlobal
